
Microsoft Visual Studio Solution File, Format Version 12.00
# Visual Studio 2013
VisualStudioVersion = 12.0.40629.0
MinimumVisualStudioVersion = 10.0.40219.1
Project("{8BC9CEB8-8B4A-11D0-8D11-00A0C91BC942}") = "Engine", "Engine\Engine.vcxproj", "{E245D88D-8EF1-457F-9B0A-0A453F023758}"
EndProject
Project("{8BC9CEB8-8B4A-11D0-8D11-00A0C91BC942}") = "Demo", "Demo\Demo.vcxproj", "{5C97A459-CAC7-4CA3-9063-008D679906BE}"
EndProject
Global
	GlobalSection(SolutionConfigurationPlatforms) = preSolution
		Debug|Win32 = Debug|Win32
		Release|Win32 = Release|Win32
	EndGlobalSection
	GlobalSection(ProjectConfigurationPlatforms) = postSolution
		{E245D88D-8EF1-457F-9B0A-0A453F023758}.Debug|Win32.ActiveCfg = Debug|Win32
		{E245D88D-8EF1-457F-9B0A-0A453F023758}.Debug|Win32.Build.0 = Debug|Win32
		{E245D88D-8EF1-457F-9B0A-0A453F023758}.Release|Win32.ActiveCfg = Release|Win32
		{E245D88D-8EF1-457F-9B0A-0A453F023758}.Release|Win32.Build.0 = Release|Win32
		{5C97A459-CAC7-4CA3-9063-008D679906BE}.Debug|Win32.ActiveCfg = Debug|Win32
		{5C97A459-CAC7-4CA3-9063-008D679906BE}.Debug|Win32.Build.0 = Debug|Win32
		{5C97A459-CAC7-4CA3-9063-008D679906BE}.Release|Win32.ActiveCfg = Release|Win32
		{5C97A459-CAC7-4CA3-9063-008D679906BE}.Release|Win32.Build.0 = Release|Win32
	EndGlobalSection
	GlobalSection(SolutionProperties) = preSolution
		HideSolutionNode = FALSE
	EndGlobalSection
EndGlobal
